
Microsoft Visual Studio Solution File, Format Version 12.00
# Visual Studio Version 17
VisualStudioVersion = 17.12.35707.178
MinimumVisualStudioVersion = 10.0.40219.1
Project("{FAE04EC0-301F-11D3-BF4B-00C04F79EFBC}") = "QuinHelper", "QuinAutoRun\QuinHelper.csproj", "{96A05E3C-7AF5-493A-8D71-E51C9EA533EB}"
EndProject
Global
	GlobalSection(SolutionConfigurationPlatforms) = preSolution
		Debug|Any CPU = Debug|Any CPU
		Release|Any CPU = Release|Any CPU
	EndGlobalSection
	GlobalSection(ProjectConfigurationPlatforms) = postSolution
		{96A05E3C-7AF5-493A-8D71-E51C9EA533EB}.Debug|Any CPU.ActiveCfg = Debug|Any CPU
		{96A05E3C-7AF5-493A-8D71-E51C9EA533EB}.Debug|Any CPU.Build.0 = Debug|Any CPU
		{96A05E3C-7AF5-493A-8D71-E51C9EA533EB}.Release|Any CPU.ActiveCfg = Release|Any CPU
		{96A05E3C-7AF5-493A-8D71-E51C9EA533EB}.Release|Any CPU.Build.0 = Release|Any CPU
	EndGlobalSection
	GlobalSection(SolutionProperties) = preSolution
		HideSolutionNode = FALSE
	EndGlobalSection
EndGlobal
